{
  "name": "node-app",
  "version": "1.0.0",
  "lockfileVersion": 1,
  "requires": true,
  "dependencies": {
    "lion-lib-171122": {
      "version": "1.0.0",
      "resolved": "https://registry.npmjs.org/lion-lib-171122/-/lion-lib-171122-1.0.0.tgz",
      "integrity": "sha512-zPQAGtgUp3un4JUJ656RpfiApRXxJ2kLpY+cR3JI1D5WUvJzwmmL+EUILTDqbRE0QBnEq1ci+iTmzVd0EUvVFw=="
    }
  }
}
